// !$*UTF8*$!
{
	archiveVersion = 1;
	classes = {
	};
	objectVersion = 46;
	objects = {

/* Begin PBXBuildFile section */
		197350131D79BE0A00524F9A /* main.m in Sources */ = {isa = PBXBuildFile; fileRef = 197350121D79BE0A00524F9A /* main.m */; };
		197350161D79BE0A00524F9A /* AppDelegate.m in Sources */ = {isa = PBXBuildFile; fileRef = 197350151D79BE0A00524F9A /* AppDelegate.m */; };
		1973501E1D79BE0A00524F9A /* Assets.xcassets in Resources */ = {isa = PBXBuildFile; fileRef = 1973501D1D79BE0A00524F9A /* Assets.xcassets */; };
		197350211D79BE0A00524F9A /* LaunchScreen.storyboard in Resources */ = {isa = PBXBuildFile; fileRef = 1973501F1D79BE0A00524F9A /* LaunchScreen.storyboard */; };
		1973502C1D79BE0A00524F9A /* OrderCourseTests.m in Sources */ = {isa = PBXBuildFile; fileRef = 1973502B1D79BE0A00524F9A /* OrderCourseTests.m */; };
		197350371D79BE0A00524F9A /* OrderCourseUITests.m in Sources */ = {isa = PBXBuildFile; fileRef = 197350361D79BE0A00524F9A /* OrderCourseUITests.m */; };
		197350511D79C17F00524F9A /* XHWantOrderCourseController.m in Sources */ = {isa = PBXBuildFile; fileRef = 1973504F1D79C17F00524F9A /* XHWantOrderCourseController.m */; };
		197350521D79C17F00524F9A /* XHWantOrderCourseController.xib in Resources */ = {isa = PBXBuildFile; fileRef = 197350501D79C17F00524F9A /* XHWantOrderCourseController.xib */; };
		197350561D79C19C00524F9A /* XHOrderRecordController.m in Sources */ = {isa = PBXBuildFile; fileRef = 197350541D79C19C00524F9A /* XHOrderRecordController.m */; };
		197350571D79C19C00524F9A /* XHOrderRecordController.xib in Resources */ = {isa = PBXBuildFile; fileRef = 197350551D79C19C00524F9A /* XHOrderRecordController.xib */; };
		1973505E1D79C4EF00524F9A /* XHNavigationController.m in Sources */ = {isa = PBXBuildFile; fileRef = 1973505D1D79C4EF00524F9A /* XHNavigationController.m */; };
/* End PBXBuildFile section */

/* Begin PBXContainerItemProxy section */
		197350281D79BE0A00524F9A /* PBXContainerItemProxy */ = {
			isa = PBXContainerItemProxy;
			containerPortal = 197350061D79BE0900524F9A /* Project object */;
			proxyType = 1;
			remoteGlobalIDString = 1973500D1D79BE0900524F9A;
			remoteInfo = OrderCourse;
		};
		197350331D79BE0A00524F9A /* PBXContainerItemProxy */ = {
			isa = PBXContainerItemProxy;
			containerPortal = 197350061D79BE0900524F9A /* Project object */;
			proxyType = 1;
			remoteGlobalIDString = 1973500D1D79BE0900524F9A;
			remoteInfo = OrderCourse;
		};
/* End PBXContainerItemProxy section */

/* Begin PBXFileReference section */
		1973500E1D79BE0900524F9A /* OrderCourse.app */ = {isa = PBXFileReference; explicitFileType = wrapper.application; includeInIndex = 0; path = OrderCourse.app; sourceTree = BUILT_PRODUCTS_DIR; };
		197350121D79BE0A00524F9A /* main.m */ = {isa = PBXFileReference; lastKnownFileType = sourcecode.c.objc; path = main.m; sourceTree = "<group>"; };
		197350141D79BE0A00524F9A /* AppDelegate.h */ = {isa = PBXFileReference; lastKnownFileType = sourcecode.c.h; name = AppDelegate.h; path = ../AppDelegate.h; sourceTree = "<group>"; };
		197350151D79BE0A00524F9A /* AppDelegate.m */ = {isa = PBXFileReference; lastKnownFileType = sourcecode.c.objc; name = AppDelegate.m; path = ../AppDelegate.m; sourceTree = "<group>"; };
		1973501D1D79BE0A00524F9A /* Assets.xcassets */ = {isa = PBXFileReference; lastKnownFileType = folder.assetcatalog; path = Assets.xcassets; sourceTree = "<group>"; };
		197350201D79BE0A00524F9A /* Base */ = {isa = PBXFileReference; lastKnownFileType = file.storyboard; name = Base; path = Base.lproj/LaunchScreen.storyboard; sourceTree = "<group>"; };
		197350221D79BE0A00524F9A /* Info.plist */ = {isa = PBXFileReference; lastKnownFileType = text.plist.xml; path = Info.plist; sourceTree = "<group>"; };
		197350271D79BE0A00524F9A /* OrderCourseTests.xctest */ = {isa = PBXFileReference; explicitFileType = wrapper.cfbundle; includeInIndex = 0; path = OrderCourseTests.xctest; sourceTree = BUILT_PRODUCTS_DIR; };
		1973502B1D79BE0A00524F9A /* OrderCourseTests.m */ = {isa = PBXFileReference; lastKnownFileType = sourcecode.c.objc; path = OrderCourseTests.m; sourceTree = "<group>"; };
		1973502D1D79BE0A00524F9A /* Info.plist */ = {isa = PBXFileReference; lastKnownFileType = text.plist.xml; path = Info.plist; sourceTree = "<group>"; };
		197350321D79BE0A00524F9A /* OrderCourseUITests.xctest */ = {isa = PBXFileReference; explicitFileType = wrapper.cfbundle; includeInIndex = 0; path = OrderCourseUITests.xctest; sourceTree = BUILT_PRODUCTS_DIR; };
		197350361D79BE0A00524F9A /* OrderCourseUITests.m */ = {isa = PBXFileReference; lastKnownFileType = sourcecode.c.objc; path = OrderCourseUITests.m; sourceTree = "<group>"; };
		197350381D79BE0A00524F9A /* Info.plist */ = {isa = PBXFileReference; lastKnownFileType = text.plist.xml; path = Info.plist; sourceTree = "<group>"; };
		1973504E1D79C17F00524F9A /* XHWantOrderCourseController.h */ = {isa = PBXFileReference; fileEncoding = 4; lastKnownFileType = sourcecode.c.h; path = XHWantOrderCourseController.h; sourceTree = "<group>"; };
		1973504F1D79C17F00524F9A /* XHWantOrderCourseController.m */ = {isa = PBXFileReference; fileEncoding = 4; lastKnownFileType = sourcecode.c.objc; path = XHWantOrderCourseController.m; sourceTree = "<group>"; };
		197350501D79C17F00524F9A /* XHWantOrderCourseController.xib */ = {isa = PBXFileReference; fileEncoding = 4; lastKnownFileType = file.xib; path = XHWantOrderCourseController.xib; sourceTree = "<group>"; };
		197350531D79C19C00524F9A /* XHOrderRecordController.h */ = {isa = PBXFileReference; fileEncoding = 4; lastKnownFileType = sourcecode.c.h; path = XHOrderRecordController.h; sourceTree = "<group>"; };
		197350541D79C19C00524F9A /* XHOrderRecordController.m */ = {isa = PBXFileReference; fileEncoding = 4; lastKnownFileType = sourcecode.c.objc; path = XHOrderRecordController.m; sourceTree = "<group>"; };
		197350551D79C19C00524F9A /* XHOrderRecordController.xib */ = {isa = PBXFileReference; fileEncoding = 4; lastKnownFileType = file.xib; path = XHOrderRecordController.xib; sourceTree = "<group>"; };
		1973505C1D79C4EF00524F9A /* XHNavigationController.h */ = {isa = PBXFileReference; fileEncoding = 4; lastKnownFileType = sourcecode.c.h; path = XHNavigationController.h; sourceTree = "<group>"; };
		1973505D1D79C4EF00524F9A /* XHNavigationController.m */ = {isa = PBXFileReference; fileEncoding = 4; lastKnownFileType = sourcecode.c.objc; path = XHNavigationController.m; sourceTree = "<group>"; };
/* End PBXFileReference section */

/* Begin PBXFrameworksBuildPhase section */
		1973500B1D79BE0900524F9A /* Frameworks */ = {
			isa = PBXFrameworksBuildPhase;
			buildActionMask = 2147483647;
			files = (
			);
			runOnlyForDeploymentPostprocessing = 0;
		};
		197350241D79BE0A00524F9A /* Frameworks */ = {
			isa = PBXFrameworksBuildPhase;
			buildActionMask = 2147483647;
			files = (
			);
			runOnlyForDeploymentPostprocessing = 0;
		};
		1973502F1D79BE0A00524F9A /* Frameworks */ = {
			isa = PBXFrameworksBuildPhase;
			buildActionMask = 2147483647;
			files = (
			);
			runOnlyForDeploymentPostprocessing = 0;
		};
/* End PBXFrameworksBuildPhase section */

/* Begin PBXGroup section */
		197350051D79BE0900524F9A = {
			isa = PBXGroup;
			children = (
				197350101D79BE0A00524F9A /* OrderCourse */,
				1973502A1D79BE0A00524F9A /* OrderCourseTests */,
				197350351D79BE0A00524F9A /* OrderCourseUITests */,
				1973500F1D79BE0900524F9A /* Products */,
			);
			sourceTree = "<group>";
		};
		1973500F1D79BE0900524F9A /* Products */ = {
			isa = PBXGroup;
			children = (
				1973500E1D79BE0900524F9A /* OrderCourse.app */,
				197350271D79BE0A00524F9A /* OrderCourseTests.xctest */,
				197350321D79BE0A00524F9A /* OrderCourseUITests.xctest */,
			);
			name = Products;
			sourceTree = "<group>";
		};
		197350101D79BE0A00524F9A /* OrderCourse */ = {
			isa = PBXGroup;
			children = (
				197350481D79BF6700524F9A /* WantOrder */,
				197350441D79BF6700524F9A /* OrderRecord */,
				1973504C1D79BF7F00524F9A /* Lib */,
				1973504D1D79BF7F00524F9A /* Other */,
				197350581D79C4C800524F9A /* Main */,
				197350111D79BE0A00524F9A /* Supporting Files */,
			);
			path = OrderCourse;
			sourceTree = "<group>";
		};
		197350111D79BE0A00524F9A /* Supporting Files */ = {
			isa = PBXGroup;
			children = (
				1973501D1D79BE0A00524F9A /* Assets.xcassets */,
				1973501F1D79BE0A00524F9A /* LaunchScreen.storyboard */,
				197350221D79BE0A00524F9A /* Info.plist */,
				197350121D79BE0A00524F9A /* main.m */,
			);
			name = "Supporting Files";
			sourceTree = "<group>";
		};
		1973502A1D79BE0A00524F9A /* OrderCourseTests */ = {
			isa = PBXGroup;
			children = (
				1973502B1D79BE0A00524F9A /* OrderCourseTests.m */,
				1973502D1D79BE0A00524F9A /* Info.plist */,
			);
			path = OrderCourseTests;
			sourceTree = "<group>";
		};
		197350351D79BE0A00524F9A /* OrderCourseUITests */ = {
			isa = PBXGroup;
			children = (
				197350361D79BE0A00524F9A /* OrderCourseUITests.m */,
				197350381D79BE0A00524F9A /* Info.plist */,
			);
			path = OrderCourseUITests;
			sourceTree = "<group>";
		};
		197350441D79BF6700524F9A /* OrderRecord */ = {
			isa = PBXGroup;
			children = (
				197350451D79BF6700524F9A /* Controller */,
				197350461D79BF6700524F9A /* Model */,
				197350471D79BF6700524F9A /* View */,
			);
			path = OrderRecord;
			sourceTree = "<group>";
		};
		197350451D79BF6700524F9A /* Controller */ = {
			isa = PBXGroup;
			children = (
				197350531D79C19C00524F9A /* XHOrderRecordController.h */,
				197350541D79C19C00524F9A /* XHOrderRecordController.m */,
				197350551D79C19C00524F9A /* XHOrderRecordController.xib */,
			);
			path = Controller;
			sourceTree = "<group>";
		};
		197350461D79BF6700524F9A /* Model */ = {
			isa = PBXGroup;
			children = (
			);
			path = Model;
			sourceTree = "<group>";
		};
		197350471D79BF6700524F9A /* View */ = {
			isa = PBXGroup;
			children = (
			);
			path = View;
			sourceTree = "<group>";
		};
		197350481D79BF6700524F9A /* WantOrder */ = {
			isa = PBXGroup;
			children = (
				197350491D79BF6700524F9A /* Controller */,
				1973504A1D79BF6700524F9A /* Model */,
				1973504B1D79BF6700524F9A /* View */,
			);
			path = WantOrder;
			sourceTree = "<group>";
		};
		197350491D79BF6700524F9A /* Controller */ = {
			isa = PBXGroup;
			children = (
				1973504E1D79C17F00524F9A /* XHWantOrderCourseController.h */,
				1973504F1D79C17F00524F9A /* XHWantOrderCourseController.m */,
				197350501D79C17F00524F9A /* XHWantOrderCourseController.xib */,
			);
			path = Controller;
			sourceTree = "<group>";
		};
		1973504A1D79BF6700524F9A /* Model */ = {
			isa = PBXGroup;
			children = (
			);
			path = Model;
			sourceTree = "<group>";
		};
		1973504B1D79BF6700524F9A /* View */ = {
			isa = PBXGroup;
			children = (
			);
			path = View;
			sourceTree = "<group>";
		};
		1973504C1D79BF7F00524F9A /* Lib */ = {
			isa = PBXGroup;
			children = (
			);
			path = Lib;
			sourceTree = "<group>";
		};
		1973504D1D79BF7F00524F9A /* Other */ = {
			isa = PBXGroup;
			children = (
				197350141D79BE0A00524F9A /* AppDelegate.h */,
				197350151D79BE0A00524F9A /* AppDelegate.m */,
			);
			path = Other;
			sourceTree = "<group>";
		};
		197350581D79C4C800524F9A /* Main */ = {
			isa = PBXGroup;
			children = (
				197350591D79C4C800524F9A /* Controller */,
				1973505A1D79C4C800524F9A /* Model */,
				1973505B1D79C4C800524F9A /* View */,
			);
			path = Main;
			sourceTree = "<group>";
		};
		197350591D79C4C800524F9A /* Controller */ = {
			isa = PBXGroup;
			children = (
				1973505C1D79C4EF00524F9A /* XHNavigationController.h */,
				1973505D1D79C4EF00524F9A /* XHNavigationController.m */,
			);
			path = Controller;
			sourceTree = "<group>";
		};
		1973505A1D79C4C800524F9A /* Model */ = {
			isa = PBXGroup;
			children = (
			);
			path = Model;
			sourceTree = "<group>";
		};
		1973505B1D79C4C800524F9A /* View */ = {
			isa = PBXGroup;
			children = (
			);
			path = View;
			sourceTree = "<group>";
		};
/* End PBXGroup section */

/* Begin PBXNativeTarget section */
		1973500D1D79BE0900524F9A /* OrderCourse */ = {
			isa = PBXNativeTarget;
			buildConfigurationList = 1973503B1D79BE0A00524F9A /* Build configuration list for PBXNativeTarget "OrderCourse" */;
			buildPhases = (
				1973500A1D79BE0900524F9A /* Sources */,
				1973500B1D79BE0900524F9A /* Frameworks */,
				1973500C1D79BE0900524F9A /* Resources */,
			);
			buildRules = (
			);
			dependencies = (
			);
			name = OrderCourse;
			productName = OrderCourse;
			productReference = 1973500E1D79BE0900524F9A /* OrderCourse.app */;
			productType = "com.apple.product-type.application";
		};
		197350261D79BE0A00524F9A /* OrderCourseTests */ = {
			isa = PBXNativeTarget;
			buildConfigurationList = 1973503E1D79BE0A00524F9A /* Build configuration list for PBXNativeTarget "OrderCourseTests" */;
			buildPhases = (
				197350231D79BE0A00524F9A /* Sources */,
				197350241D79BE0A00524F9A /* Frameworks */,
				197350251D79BE0A00524F9A /* Resources */,
			);
			buildRules = (
			);
			dependencies = (
				197350291D79BE0A00524F9A /* PBXTargetDependency */,
			);
			name = OrderCourseTests;
			productName = OrderCourseTests;
			productReference = 197350271D79BE0A00524F9A /* OrderCourseTests.xctest */;
			productType = "com.apple.product-type.bundle.unit-test";
		};
		197350311D79BE0A00524F9A /* OrderCourseUITests */ = {
			isa = PBXNativeTarget;
			buildConfigurationList = 197350411D79BE0A00524F9A /* Build configuration list for PBXNativeTarget "OrderCourseUITests" */;
			buildPhases = (
				1973502E1D79BE0A00524F9A /* Sources */,
				1973502F1D79BE0A00524F9A /* Frameworks */,
				197350301D79BE0A00524F9A /* Resources */,
			);
			buildRules = (
			);
			dependencies = (
				197350341D79BE0A00524F9A /* PBXTargetDependency */,
			);
			name = OrderCourseUITests;
			productName = OrderCourseUITests;
			productReference = 197350321D79BE0A00524F9A /* OrderCourseUITests.xctest */;
			productType = "com.apple.product-type.bundle.ui-testing";
		};
/* End PBXNativeTarget section */

/* Begin PBXProject section */
		197350061D79BE0900524F9A /* Project object */ = {
			isa = PBXProject;
			attributes = {
				CLASSPREFIX = XH;
				LastUpgradeCheck = 0730;
				ORGANIZATIONNAME = yangxianhao;
				TargetAttributes = {
					1973500D1D79BE0900524F9A = {
						CreatedOnToolsVersion = 7.3.1;
						DevelopmentTeam = 3YZJ62FPW5;
					};
					197350261D79BE0A00524F9A = {
						CreatedOnToolsVersion = 7.3.1;
						DevelopmentTeam = 3YZJ62FPW5;
						TestTargetID = 1973500D1D79BE0900524F9A;
					};
					197350311D79BE0A00524F9A = {
						CreatedOnToolsVersion = 7.3.1;
						DevelopmentTeam = 3YZJ62FPW5;
						TestTargetID = 1973500D1D79BE0900524F9A;
					};
				};
			};
			buildConfigurationList = 197350091D79BE0900524F9A /* Build configuration list for PBXProject "OrderCourse" */;
			compatibilityVersion = "Xcode 3.2";
			developmentRegion = English;
			hasScannedForEncodings = 0;
			knownRegions = (
				en,
				Base,
			);
			mainGroup = 197350051D79BE0900524F9A;
			productRefGroup = 1973500F1D79BE0900524F9A /* Products */;
			projectDirPath = "";
			projectRoot = "";
			targets = (
				1973500D1D79BE0900524F9A /* OrderCourse */,
				197350261D79BE0A00524F9A /* OrderCourseTests */,
				197350311D79BE0A00524F9A /* OrderCourseUITests */,
			);
		};
/* End PBXProject section */

/* Begin PBXResourcesBuildPhase section */
		1973500C1D79BE0900524F9A /* Resources */ = {
			isa = PBXResourcesBuildPhase;
			buildActionMask = 2147483647;
			files = (
				197350521D79C17F00524F9A /* XHWantOrderCourseController.xib in Resources */,
				197350211D79BE0A00524F9A /* LaunchScreen.storyboard in Resources */,
				1973501E1D79BE0A00524F9A /* Assets.xcassets in Resources */,
				197350571D79C19C00524F9A /* XHOrderRecordController.xib in Resources */,
			);
			runOnlyForDeploymentPostprocessing = 0;
		};
		197350251D79BE0A00524F9A /* Resources */ = {
			isa = PBXResourcesBuildPhase;
			buildActionMask = 2147483647;
			files = (
			);
			runOnlyForDeploymentPostprocessing = 0;
		};
		197350301D79BE0A00524F9A /* Resources */ = {
			isa = PBXResourcesBuildPhase;
			buildActionMask = 2147483647;
			files = (
			);
			runOnlyForDeploymentPostprocessing = 0;
		};
/* End PBXResourcesBuildPhase section */

/* Begin PBXSourcesBuildPhase section */
		1973500A1D79BE0900524F9A /* Sources */ = {
			isa = PBXSourcesBuildPhase;
			buildActionMask = 2147483647;
			files = (
				197350161D79BE0A00524F9A /* AppDelegate.m in Sources */,
				1973505E1D79C4EF00524F9A /* XHNavigationController.m in Sources */,
				197350131D79BE0A00524F9A /* main.m in Sources */,
				197350511D79C17F00524F9A /* XHWantOrderCourseController.m in Sources */,
				197350561D79C19C00524F9A /* XHOrderRecordController.m in Sources */,
			);
			runOnlyForDeploymentPostprocessing = 0;
		};
		197350231D79BE0A00524F9A /* Sources */ = {
			isa = PBXSourcesBuildPhase;
			buildActionMask = 2147483647;
			files = (
				1973502C1D79BE0A00524F9A /* OrderCourseTests.m in Sources */,
			);
			runOnlyForDeploymentPostprocessing = 0;
		};
		1973502E1D79BE0A00524F9A /* Sources */ = {
			isa = PBXSourcesBuildPhase;
			buildActionMask = 2147483647;
			files = (
				197350371D79BE0A00524F9A /* OrderCourseUITests.m in Sources */,
			);
			runOnlyForDeploymentPostprocessing = 0;
		};
/* End PBXSourcesBuildPhase section */

/* Begin PBXTargetDependency section */
		197350291D79BE0A00524F9A /* PBXTargetDependency */ = {
			isa = PBXTargetDependency;
			target = 1973500D1D79BE0900524F9A /* OrderCourse */;
			targetProxy = 197350281D79BE0A00524F9A /* PBXContainerItemProxy */;
		};
		197350341D79BE0A00524F9A /* PBXTargetDependency */ = {
			isa = PBXTargetDependency;
			target = 1973500D1D79BE0900524F9A /* OrderCourse */;
			targetProxy = 197350331D79BE0A00524F9A /* PBXContainerItemProxy */;
		};
/* End PBXTargetDependency section */

/* Begin PBXVariantGroup section */
		1973501F1D79BE0A00524F9A /* LaunchScreen.storyboard */ = {
			isa = PBXVariantGroup;
			children = (
				197350201D79BE0A00524F9A /* Base */,
			);
			name = LaunchScreen.storyboard;
			sourceTree = "<group>";
		};
/* End PBXVariantGroup section */

/* Begin XCBuildConfiguration section */
		197350391D79BE0A00524F9A /* Debug */ = {
			isa = XCBuildConfiguration;
			buildSettings = {
				ALWAYS_SEARCH_USER_PATHS = NO;
				CLANG_ANALYZER_NONNULL = YES;
				CLANG_CXX_LANGUAGE_STANDARD = "gnu++0x";
				CLANG_CXX_LIBRARY = "libc++";
				CLANG_ENABLE_MODULES = YES;
				CLANG_ENABLE_OBJC_ARC = YES;
				CLANG_WARN_BOOL_CONVERSION = YES;
				CLANG_WARN_CONSTANT_CONVERSION = YES;
				CLANG_WARN_DIRECT_OBJC_ISA_USAGE = YES_ERROR;
				CLANG_WARN_EMPTY_BODY = YES;
				CLANG_WARN_ENUM_CONVERSION = YES;
				CLANG_WARN_INT_CONVERSION = YES;
				CLANG_WARN_OBJC_ROOT_CLASS = YES_ERROR;
				CLANG_WARN_UNREACHABLE_CODE = YES;
				CLANG_WARN__DUPLICATE_METHOD_MATCH = YES;
				"CODE_SIGN_IDENTITY[sdk=iphoneos*]" = "iPhone Developer";
				COPY_PHASE_STRIP = NO;
				DEBUG_INFORMATION_FORMAT = dwarf;
				ENABLE_STRICT_OBJC_MSGSEND = YES;
				ENABLE_TESTABILITY = YES;
				GCC_C_LANGUAGE_STANDARD = gnu99;
				GCC_DYNAMIC_NO_PIC = NO;
				GCC_NO_COMMON_BLOCKS = YES;
				GCC_OPTIMIZATION_LEVEL = 0;
				GCC_PREPROCESSOR_DEFINITIONS = (
					"DEBUG=1",
					"$(inherited)",
				);
				GCC_WARN_64_TO_32_BIT_CONVERSION = YES;
				GCC_WARN_ABOUT_RETURN_TYPE = YES_ERROR;
				GCC_WARN_UNDECLARED_SELECTOR = YES;
				GCC_WARN_UNINITIALIZED_AUTOS = YES_AGGRESSIVE;
				GCC_WARN_UNUSED_FUNCTION = YES;
				GCC_WARN_UNUSED_VARIABLE = YES;
				IPHONEOS_DEPLOYMENT_TARGET = 9.3;
				MTL_ENABLE_DEBUG_INFO = YES;
				ONLY_ACTIVE_ARCH = YES;
				SDKROOT = iphoneos;
			};
			name = Debug;
		};
		1973503A1D79BE0A00524F9A /* Release */ = {
			isa = XCBuildConfiguration;
			buildSettings = {
				ALWAYS_SEARCH_USER_PATHS = NO;
				CLANG_ANALYZER_NONNULL = YES;
				CLANG_CXX_LANGUAGE_STANDARD = "gnu++0x";
				CLANG_CXX_LIBRARY = "libc++";
				CLANG_ENABLE_MODULES = YES;
				CLANG_ENABLE_OBJC_ARC = YES;
				CLANG_WARN_BOOL_CONVERSION = YES;
				CLANG_WARN_CONSTANT_CONVERSION = YES;
				CLANG_WARN_DIRECT_OBJC_ISA_USAGE = YES_ERROR;
				CLANG_WARN_EMPTY_BODY = YES;
				CLANG_WARN_ENUM_CONVERSION = YES;
				CLANG_WARN_INT_CONVERSION = YES;
				CLANG_WARN_OBJC_ROOT_CLASS = YES_ERROR;
				CLANG_WARN_UNREACHABLE_CODE = YES;
				CLANG_WARN__DUPLICATE_METHOD_MATCH = YES;
				"CODE_SIGN_IDENTITY[sdk=iphoneos*]" = "iPhone Developer";
				COPY_PHASE_STRIP = NO;
				DEBUG_INFORMATION_FORMAT = "dwarf-with-dsym";
				ENABLE_NS_ASSERTIONS = NO;
				ENABLE_STRICT_OBJC_MSGSEND = YES;
				GCC_C_LANGUAGE_STANDARD = gnu99;
				GCC_NO_COMMON_BLOCKS = YES;
				GCC_WARN_64_TO_32_BIT_CONVERSION = YES;
				GCC_WARN_ABOUT_RETURN_TYPE = YES_ERROR;
				GCC_WARN_UNDECLARED_SELECTOR = YES;
				GCC_WARN_UNINITIALIZED_AUTOS = YES_AGGRESSIVE;
				GCC_WARN_UNUSED_FUNCTION = YES;
				GCC_WARN_UNUSED_VARIABLE = YES;
				IPHONEOS_DEPLOYMENT_TARGET = 9.3;
				MTL_ENABLE_DEBUG_INFO = NO;
				SDKROOT = iphoneos;
				VALIDATE_PRODUCT = YES;
			};
			name = Release;
		};
		1973503C1D79BE0A00524F9A /* Debug */ = {
			isa = XCBuildConfiguration;
			buildSettings = {
				ASSETCATALOG_COMPILER_APPICON_NAME = AppIcon;
				INFOPLIST_FILE = OrderCourse/Info.plist;
				IPHONEOS_DEPLOYMENT_TARGET = 7.1;
				LD_RUNPATH_SEARCH_PATHS = "$(inherited) @executable_path/Frameworks";
				PRODUCT_BUNDLE_IDENTIFIER = com.xianhao.yang.OrderCourse;
				PRODUCT_NAME = "$(TARGET_NAME)";
			};
			name = Debug;
		};
		1973503D1D79BE0A00524F9A /* Release */ = {
			isa = XCBuildConfiguration;
			buildSettings = {
				ASSETCATALOG_COMPILER_APPICON_NAME = AppIcon;
				INFOPLIST_FILE = OrderCourse/Info.plist;
				IPHONEOS_DEPLOYMENT_TARGET = 7.1;
				LD_RUNPATH_SEARCH_PATHS = "$(inherited) @executable_path/Frameworks";
				PRODUCT_BUNDLE_IDENTIFIER = com.xianhao.yang.OrderCourse;
				PRODUCT_NAME = "$(TARGET_NAME)";
			};
			name = Release;
		};
		1973503F1D79BE0A00524F9A /* Debug */ = {
			isa = XCBuildConfiguration;
			buildSettings = {
				BUNDLE_LOADER = "$(TEST_HOST)";
				INFOPLIST_FILE = OrderCourseTests/Info.plist;
				LD_RUNPATH_SEARCH_PATHS = "$(inherited) @executable_path/Frameworks @loader_path/Frameworks";
				PRODUCT_BUNDLE_IDENTIFIER = com.xianhao.yang.OrderCourseTests;
				PRODUCT_NAME = "$(TARGET_NAME)";
				TEST_HOST = "$(BUILT_PRODUCTS_DIR)/OrderCourse.app/OrderCourse";
			};
			name = Debug;
		};
		197350401D79BE0A00524F9A /* Release */ = {
			isa = XCBuildConfiguration;
			buildSettings = {
				BUNDLE_LOADER = "$(TEST_HOST)";
				INFOPLIST_FILE = OrderCourseTests/Info.plist;
				LD_RUNPATH_SEARCH_PATHS = "$(inherited) @executable_path/Frameworks @loader_path/Frameworks";
				PRODUCT_BUNDLE_IDENTIFIER = com.xianhao.yang.OrderCourseTests;
				PRODUCT_NAME = "$(TARGET_NAME)";
				TEST_HOST = "$(BUILT_PRODUCTS_DIR)/OrderCourse.app/OrderCourse";
			};
			name = Release;
		};
		197350421D79BE0A00524F9A /* Debug */ = {
			isa = XCBuildConfiguration;
			buildSettings = {
				INFOPLIST_FILE = OrderCourseUITests/Info.plist;
				LD_RUNPATH_SEARCH_PATHS = "$(inherited) @executable_path/Frameworks @loader_path/Frameworks";
				PRODUCT_BUNDLE_IDENTIFIER = com.xianhao.yang.OrderCourseUITests;
				PRODUCT_NAME = "$(TARGET_NAME)";
				TEST_TARGET_NAME = OrderCourse;
			};
			name = Debug;
		};
		197350431D79BE0A00524F9A /* Release */ = {
			isa = XCBuildConfiguration;
			buildSettings = {
				INFOPLIST_FILE = OrderCourseUITests/Info.plist;
				LD_RUNPATH_SEARCH_PATHS = "$(inherited) @executable_path/Frameworks @loader_path/Frameworks";
				PRODUCT_BUNDLE_IDENTIFIER = com.xianhao.yang.OrderCourseUITests;
				PRODUCT_NAME = "$(TARGET_NAME)";
				TEST_TARGET_NAME = OrderCourse;
			};
			name = Release;
		};
/* End XCBuildConfiguration section */

/* Begin XCConfigurationList section */
		197350091D79BE0900524F9A /* Build configuration list for PBXProject "OrderCourse" */ = {
			isa = XCConfigurationList;
			buildConfigurations = (
				197350391D79BE0A00524F9A /* Debug */,
				1973503A1D79BE0A00524F9A /* Release */,
			);
			defaultConfigurationIsVisible = 0;
			defaultConfigurationName = Release;
		};
		1973503B1D79BE0A00524F9A /* Build configuration list for PBXNativeTarget "OrderCourse" */ = {
			isa = XCConfigurationList;
			buildConfigurations = (
				1973503C1D79BE0A00524F9A /* Debug */,
				1973503D1D79BE0A00524F9A /* Release */,
			);
			defaultConfigurationIsVisible = 0;
		};
		1973503E1D79BE0A00524F9A /* Build configuration list for PBXNativeTarget "OrderCourseTests" */ = {
			isa = XCConfigurationList;
			buildConfigurations = (
				1973503F1D79BE0A00524F9A /* Debug */,
				197350401D79BE0A00524F9A /* Release */,
			);
			defaultConfigurationIsVisible = 0;
		};
		197350411D79BE0A00524F9A /* Build configuration list for PBXNativeTarget "OrderCourseUITests" */ = {
			isa = XCConfigurationList;
			buildConfigurations = (
				197350421D79BE0A00524F9A /* Debug */,
				197350431D79BE0A00524F9A /* Release */,
			);
			defaultConfigurationIsVisible = 0;
		};
/* End XCConfigurationList section */
	};
	rootObject = 197350061D79BE0900524F9A /* Project object */;
}
